
Microsoft Visual Studio Solution File, Format Version 12.00
# Visual Studio Version 16
VisualStudioVersion = 16.0.31515.178
MinimumVisualStudioVersion = 10.0.40219.1
Project("{FAE04EC0-301F-11D3-BF4B-00C04F79EFBC}") = "Cuentas Corrientes", "Cuentas Corrientes\Cuentas Corrientes.csproj", "{1315BDE0-6555-4090-A904-31DAD7525FB6}"
EndProject
Global
	GlobalSection(SolutionConfigurationPlatforms) = preSolution
		Debug|Any CPU = Debug|Any CPU
		Release|Any CPU = Release|Any CPU
	EndGlobalSection
	GlobalSection(ProjectConfigurationPlatforms) = postSolution
		{1315BDE0-6555-4090-A904-31DAD7525FB6}.Debug|Any CPU.ActiveCfg = Debug|Any CPU
		{1315BDE0-6555-4090-A904-31DAD7525FB6}.Debug|Any CPU.Build.0 = Debug|Any CPU
		{1315BDE0-6555-4090-A904-31DAD7525FB6}.Release|Any CPU.ActiveCfg = Release|Any CPU
		{1315BDE0-6555-4090-A904-31DAD7525FB6}.Release|Any CPU.Build.0 = Release|Any CPU
	EndGlobalSection
	GlobalSection(SolutionProperties) = preSolution
		HideSolutionNode = FALSE
	EndGlobalSection
	GlobalSection(ExtensibilityGlobals) = postSolution
		SolutionGuid = {DE5826A1-7506-4632-B4B6-AD6FD425305C}
	EndGlobalSection
EndGlobal
