
Microsoft Visual Studio Solution File, Format Version 12.00
# Visual Studio Version 16
VisualStudioVersion = 16.0.31424.327
MinimumVisualStudioVersion = 10.0.40219.1
Project("{FAE04EC0-301F-11D3-BF4B-00C04F79EFBC}") = "ventana_principal", "ventana_principal\ventana_principal.csproj", "{5CC17B1E-2D8F-4BD9-B1B7-80DAB424BADA}"
EndProject
Global
	GlobalSection(SolutionConfigurationPlatforms) = preSolution
		Debug|Any CPU = Debug|Any CPU
		Release|Any CPU = Release|Any CPU
	EndGlobalSection
	GlobalSection(ProjectConfigurationPlatforms) = postSolution
		{5CC17B1E-2D8F-4BD9-B1B7-80DAB424BADA}.Debug|Any CPU.ActiveCfg = Debug|Any CPU
		{5CC17B1E-2D8F-4BD9-B1B7-80DAB424BADA}.Debug|Any CPU.Build.0 = Debug|Any CPU
		{5CC17B1E-2D8F-4BD9-B1B7-80DAB424BADA}.Release|Any CPU.ActiveCfg = Release|Any CPU
		{5CC17B1E-2D8F-4BD9-B1B7-80DAB424BADA}.Release|Any CPU.Build.0 = Release|Any CPU
	EndGlobalSection
	GlobalSection(SolutionProperties) = preSolution
		HideSolutionNode = FALSE
	EndGlobalSection
	GlobalSection(ExtensibilityGlobals) = postSolution
		SolutionGuid = {73809594-D6D6-4EDA-ACD9-CCFF4C0ACB59}
	EndGlobalSection
EndGlobal
